// !$*UTF8*$!
{
	archiveVersion = 1;
	classes = {
	};
	objectVersion = 46;
	objects = {

/* Begin PBXBuildFile section */
		BA8D36011C651BBA00ACBF91 /* iSam2x320.png in Resources */ = {isa = PBXBuildFile; fileRef = BA8D36001C651BBA00ACBF91 /* iSam2x320.png */; };
		BA8D36081C65208900ACBF91 /* BNRMainViewController.m in Sources */ = {isa = PBXBuildFile; fileRef = BA8D36061C65208900ACBF91 /* BNRMainViewController.m */; };
		BA8D36091C65208900ACBF91 /* BNRMainViewController.xib in Resources */ = {isa = PBXBuildFile; fileRef = BA8D36071C65208900ACBF91 /* BNRMainViewController.xib */; };
		BA91A28C1AE876D100314EC7 /* logo.png in Resources */ = {isa = PBXBuildFile; fileRef = BA91A28B1AE876D100314EC7 /* logo.png */; };
		BAE703F51AE809A700051B17 /* main.m in Sources */ = {isa = PBXBuildFile; fileRef = BAE703F41AE809A700051B17 /* main.m */; };
		BAE703F81AE809A700051B17 /* AppDelegate.m in Sources */ = {isa = PBXBuildFile; fileRef = BAE703F71AE809A700051B17 /* AppDelegate.m */; };
		BAE703FA1AE809A700051B17 /* Images.xcassets in Resources */ = {isa = PBXBuildFile; fileRef = BAE703F91AE809A700051B17 /* Images.xcassets */; };
		BAE703FD1AE809A700051B17 /* LaunchScreen.xib in Resources */ = {isa = PBXBuildFile; fileRef = BAE703FB1AE809A700051B17 /* LaunchScreen.xib */; };
		BAE704171AE80B5700051B17 /* BNRHypnosisView.m in Sources */ = {isa = PBXBuildFile; fileRef = BAE704161AE80B5700051B17 /* BNRHypnosisView.m */; };
/* End PBXBuildFile section */

/* Begin PBXFileReference section */
		BA8D36001C651BBA00ACBF91 /* iSam2x320.png */ = {isa = PBXFileReference; lastKnownFileType = image.png; path = iSam2x320.png; sourceTree = "<group>"; };
		BA8D36051C65208900ACBF91 /* BNRMainViewController.h */ = {isa = PBXFileReference; fileEncoding = 4; lastKnownFileType = sourcecode.c.h; path = BNRMainViewController.h; sourceTree = "<group>"; };
		BA8D36061C65208900ACBF91 /* BNRMainViewController.m */ = {isa = PBXFileReference; fileEncoding = 4; lastKnownFileType = sourcecode.c.objc; path = BNRMainViewController.m; sourceTree = "<group>"; };
		BA8D36071C65208900ACBF91 /* BNRMainViewController.xib */ = {isa = PBXFileReference; fileEncoding = 4; lastKnownFileType = file.xib; path = BNRMainViewController.xib; sourceTree = "<group>"; };
		BA91A28B1AE876D100314EC7 /* logo.png */ = {isa = PBXFileReference; lastKnownFileType = image.png; path = logo.png; sourceTree = "<group>"; };
		BAE703EF1AE809A700051B17 /* AlwaysForever.app */ = {isa = PBXFileReference; explicitFileType = wrapper.application; includeInIndex = 0; path = AlwaysForever.app; sourceTree = BUILT_PRODUCTS_DIR; };
		BAE703F31AE809A700051B17 /* Info.plist */ = {isa = PBXFileReference; lastKnownFileType = text.plist.xml; path = Info.plist; sourceTree = "<group>"; };
		BAE703F41AE809A700051B17 /* main.m */ = {isa = PBXFileReference; lastKnownFileType = sourcecode.c.objc; path = main.m; sourceTree = "<group>"; };
		BAE703F61AE809A700051B17 /* AppDelegate.h */ = {isa = PBXFileReference; lastKnownFileType = sourcecode.c.h; path = AppDelegate.h; sourceTree = "<group>"; };
		BAE703F71AE809A700051B17 /* AppDelegate.m */ = {isa = PBXFileReference; lastKnownFileType = sourcecode.c.objc; path = AppDelegate.m; sourceTree = "<group>"; };
		BAE703F91AE809A700051B17 /* Images.xcassets */ = {isa = PBXFileReference; lastKnownFileType = folder.assetcatalog; path = Images.xcassets; sourceTree = "<group>"; };
		BAE703FC1AE809A700051B17 /* Base */ = {isa = PBXFileReference; lastKnownFileType = file.xib; name = Base; path = Base.lproj/LaunchScreen.xib; sourceTree = "<group>"; };
		BAE704071AE809A700051B17 /* Info.plist */ = {isa = PBXFileReference; lastKnownFileType = text.plist.xml; path = Info.plist; sourceTree = "<group>"; };
		BAE704081AE809A700051B17 /* HypnosisterTests.m */ = {isa = PBXFileReference; lastKnownFileType = sourcecode.c.objc; path = HypnosisterTests.m; sourceTree = "<group>"; };
		BAE704151AE80B5700051B17 /* BNRHypnosisView.h */ = {isa = PBXFileReference; fileEncoding = 4; lastKnownFileType = sourcecode.c.h; path = BNRHypnosisView.h; sourceTree = "<group>"; };
		BAE704161AE80B5700051B17 /* BNRHypnosisView.m */ = {isa = PBXFileReference; fileEncoding = 4; lastKnownFileType = sourcecode.c.objc; path = BNRHypnosisView.m; sourceTree = "<group>"; };
/* End PBXFileReference section */

/* Begin PBXFrameworksBuildPhase section */
		BAE703EC1AE809A700051B17 /* Frameworks */ = {
			isa = PBXFrameworksBuildPhase;
			buildActionMask = 2147483647;
			files = (
			);
			runOnlyForDeploymentPostprocessing = 0;
		};
/* End PBXFrameworksBuildPhase section */

/* Begin PBXGroup section */
		BAE703E61AE809A700051B17 = {
			isa = PBXGroup;
			children = (
				BAE703F11AE809A700051B17 /* Hypnosister */,
				BAE704051AE809A700051B17 /* HypnosisterTests */,
				BAE703F01AE809A700051B17 /* Products */,
			);
			sourceTree = "<group>";
		};
		BAE703F01AE809A700051B17 /* Products */ = {
			isa = PBXGroup;
			children = (
				BAE703EF1AE809A700051B17 /* AlwaysForever.app */,
			);
			name = Products;
			sourceTree = "<group>";
		};
		BAE703F11AE809A700051B17 /* Hypnosister */ = {
			isa = PBXGroup;
			children = (
				BA91A28B1AE876D100314EC7 /* logo.png */,
				BA8D36001C651BBA00ACBF91 /* iSam2x320.png */,
				BAE703F61AE809A700051B17 /* AppDelegate.h */,
				BA8D36051C65208900ACBF91 /* BNRMainViewController.h */,
				BA8D36061C65208900ACBF91 /* BNRMainViewController.m */,
				BA8D36071C65208900ACBF91 /* BNRMainViewController.xib */,
				BAE703F71AE809A700051B17 /* AppDelegate.m */,
				BAE703F91AE809A700051B17 /* Images.xcassets */,
				BAE703FB1AE809A700051B17 /* LaunchScreen.xib */,
				BAE703F21AE809A700051B17 /* Supporting Files */,
				BAE704151AE80B5700051B17 /* BNRHypnosisView.h */,
				BAE704161AE80B5700051B17 /* BNRHypnosisView.m */,
			);
			path = Hypnosister;
			sourceTree = "<group>";
		};
		BAE703F21AE809A700051B17 /* Supporting Files */ = {
			isa = PBXGroup;
			children = (
				BAE703F31AE809A700051B17 /* Info.plist */,
				BAE703F41AE809A700051B17 /* main.m */,
			);
			name = "Supporting Files";
			sourceTree = "<group>";
		};
		BAE704051AE809A700051B17 /* HypnosisterTests */ = {
			isa = PBXGroup;
			children = (
				BAE704081AE809A700051B17 /* HypnosisterTests.m */,
				BAE704061AE809A700051B17 /* Supporting Files */,
			);
			path = HypnosisterTests;
			sourceTree = "<group>";
		};
		BAE704061AE809A700051B17 /* Supporting Files */ = {
			isa = PBXGroup;
			children = (
				BAE704071AE809A700051B17 /* Info.plist */,
			);
			name = "Supporting Files";
			sourceTree = "<group>";
		};
/* End PBXGroup section */

/* Begin PBXNativeTarget section */
		BAE703EE1AE809A700051B17 /* AlwaysForever */ = {
			isa = PBXNativeTarget;
			buildConfigurationList = BAE7040C1AE809A700051B17 /* Build configuration list for PBXNativeTarget "AlwaysForever" */;
			buildPhases = (
				BAE703EB1AE809A700051B17 /* Sources */,
				BAE703EC1AE809A700051B17 /* Frameworks */,
				BAE703ED1AE809A700051B17 /* Resources */,
			);
			buildRules = (
			);
			dependencies = (
			);
			name = AlwaysForever;
			productName = Hypnosister;
			productReference = BAE703EF1AE809A700051B17 /* AlwaysForever.app */;
			productType = "com.apple.product-type.application";
		};
/* End PBXNativeTarget section */

/* Begin PBXProject section */
		BAE703E71AE809A700051B17 /* Project object */ = {
			isa = PBXProject;
			attributes = {
				LastUpgradeCheck = 0630;
				ORGANIZATIONNAME = bWERX;
				TargetAttributes = {
					BAE703EE1AE809A700051B17 = {
						CreatedOnToolsVersion = 6.3;
					};
				};
			};
			buildConfigurationList = BAE703EA1AE809A700051B17 /* Build configuration list for PBXProject "Hypnosister" */;
			compatibilityVersion = "Xcode 3.2";
			developmentRegion = English;
			hasScannedForEncodings = 0;
			knownRegions = (
				en,
				Base,
			);
			mainGroup = BAE703E61AE809A700051B17;
			productRefGroup = BAE703F01AE809A700051B17 /* Products */;
			projectDirPath = "";
			projectRoot = "";
			targets = (
				BAE703EE1AE809A700051B17 /* AlwaysForever */,
			);
		};
/* End PBXProject section */

/* Begin PBXResourcesBuildPhase section */
		BAE703ED1AE809A700051B17 /* Resources */ = {
			isa = PBXResourcesBuildPhase;
			buildActionMask = 2147483647;
			files = (
				BAE703FD1AE809A700051B17 /* LaunchScreen.xib in Resources */,
				BA8D36011C651BBA00ACBF91 /* iSam2x320.png in Resources */,
				BA8D36091C65208900ACBF91 /* BNRMainViewController.xib in Resources */,
				BAE703FA1AE809A700051B17 /* Images.xcassets in Resources */,
				BA91A28C1AE876D100314EC7 /* logo.png in Resources */,
			);
			runOnlyForDeploymentPostprocessing = 0;
		};
/* End PBXResourcesBuildPhase section */

/* Begin PBXSourcesBuildPhase section */
		BAE703EB1AE809A700051B17 /* Sources */ = {
			isa = PBXSourcesBuildPhase;
			buildActionMask = 2147483647;
			files = (
				BA8D36081C65208900ACBF91 /* BNRMainViewController.m in Sources */,
				BAE703F81AE809A700051B17 /* AppDelegate.m in Sources */,
				BAE703F51AE809A700051B17 /* main.m in Sources */,
				BAE704171AE80B5700051B17 /* BNRHypnosisView.m in Sources */,
			);
			runOnlyForDeploymentPostprocessing = 0;
		};
/* End PBXSourcesBuildPhase section */

/* Begin PBXVariantGroup section */
		BAE703FB1AE809A700051B17 /* LaunchScreen.xib */ = {
			isa = PBXVariantGroup;
			children = (
				BAE703FC1AE809A700051B17 /* Base */,
			);
			name = LaunchScreen.xib;
			sourceTree = "<group>";
		};
/* End PBXVariantGroup section */

/* Begin XCBuildConfiguration section */
		BAE7040A1AE809A700051B17 /* Debug */ = {
			isa = XCBuildConfiguration;
			buildSettings = {
				ALWAYS_SEARCH_USER_PATHS = NO;
				CLANG_CXX_LANGUAGE_STANDARD = "gnu++0x";
				CLANG_CXX_LIBRARY = "libc++";
				CLANG_ENABLE_MODULES = YES;
				CLANG_ENABLE_OBJC_ARC = YES;
				CLANG_WARN_BOOL_CONVERSION = YES;
				CLANG_WARN_CONSTANT_CONVERSION = YES;
				CLANG_WARN_DIRECT_OBJC_ISA_USAGE = YES_ERROR;
				CLANG_WARN_EMPTY_BODY = YES;
				CLANG_WARN_ENUM_CONVERSION = YES;
				CLANG_WARN_INT_CONVERSION = YES;
				CLANG_WARN_OBJC_ROOT_CLASS = YES_ERROR;
				CLANG_WARN_UNREACHABLE_CODE = YES;
				CLANG_WARN__DUPLICATE_METHOD_MATCH = YES;
				"CODE_SIGN_IDENTITY[sdk=iphoneos*]" = "iPhone Developer";
				COPY_PHASE_STRIP = NO;
				DEBUG_INFORMATION_FORMAT = "dwarf-with-dsym";
				ENABLE_STRICT_OBJC_MSGSEND = YES;
				GCC_C_LANGUAGE_STANDARD = gnu99;
				GCC_DYNAMIC_NO_PIC = NO;
				GCC_NO_COMMON_BLOCKS = YES;
				GCC_OPTIMIZATION_LEVEL = 0;
				GCC_PREPROCESSOR_DEFINITIONS = (
					"DEBUG=1",
					"$(inherited)",
				);
				GCC_SYMBOLS_PRIVATE_EXTERN = NO;
				GCC_WARN_64_TO_32_BIT_CONVERSION = YES;
				GCC_WARN_ABOUT_RETURN_TYPE = YES_ERROR;
				GCC_WARN_UNDECLARED_SELECTOR = YES;
				GCC_WARN_UNINITIALIZED_AUTOS = YES_AGGRESSIVE;
				GCC_WARN_UNUSED_FUNCTION = YES;
				GCC_WARN_UNUSED_VARIABLE = YES;
				IPHONEOS_DEPLOYMENT_TARGET = 8.3;
				MTL_ENABLE_DEBUG_INFO = YES;
				ONLY_ACTIVE_ARCH = YES;
				SDKROOT = iphoneos;
				TARGETED_DEVICE_FAMILY = "1,2";
			};
			name = Debug;
		};
		BAE7040B1AE809A700051B17 /* Release */ = {
			isa = XCBuildConfiguration;
			buildSettings = {
				ALWAYS_SEARCH_USER_PATHS = NO;
				CLANG_CXX_LANGUAGE_STANDARD = "gnu++0x";
				CLANG_CXX_LIBRARY = "libc++";
				CLANG_ENABLE_MODULES = YES;
				CLANG_ENABLE_OBJC_ARC = YES;
				CLANG_WARN_BOOL_CONVERSION = YES;
				CLANG_WARN_CONSTANT_CONVERSION = YES;
				CLANG_WARN_DIRECT_OBJC_ISA_USAGE = YES_ERROR;
				CLANG_WARN_EMPTY_BODY = YES;
				CLANG_WARN_ENUM_CONVERSION = YES;
				CLANG_WARN_INT_CONVERSION = YES;
				CLANG_WARN_OBJC_ROOT_CLASS = YES_ERROR;
				CLANG_WARN_UNREACHABLE_CODE = YES;
				CLANG_WARN__DUPLICATE_METHOD_MATCH = YES;
				"CODE_SIGN_IDENTITY[sdk=iphoneos*]" = "iPhone Developer";
				COPY_PHASE_STRIP = NO;
				DEBUG_INFORMATION_FORMAT = "dwarf-with-dsym";
				ENABLE_NS_ASSERTIONS = NO;
				ENABLE_STRICT_OBJC_MSGSEND = YES;
				GCC_C_LANGUAGE_STANDARD = gnu99;
				GCC_NO_COMMON_BLOCKS = YES;
				GCC_WARN_64_TO_32_BIT_CONVERSION = YES;
				GCC_WARN_ABOUT_RETURN_TYPE = YES_ERROR;
				GCC_WARN_UNDECLARED_SELECTOR = YES;
				GCC_WARN_UNINITIALIZED_AUTOS = YES_AGGRESSIVE;
				GCC_WARN_UNUSED_FUNCTION = YES;
				GCC_WARN_UNUSED_VARIABLE = YES;
				IPHONEOS_DEPLOYMENT_TARGET = 8.3;
				MTL_ENABLE_DEBUG_INFO = NO;
				SDKROOT = iphoneos;
				TARGETED_DEVICE_FAMILY = "1,2";
				VALIDATE_PRODUCT = YES;
			};
			name = Release;
		};
		BAE7040D1AE809A700051B17 /* Debug */ = {
			isa = XCBuildConfiguration;
			buildSettings = {
				ASSETCATALOG_COMPILER_APPICON_NAME = AppIcon;
				INFOPLIST_FILE = Hypnosister/Info.plist;
				IPHONEOS_DEPLOYMENT_TARGET = 8.0;
				LD_RUNPATH_SEARCH_PATHS = "$(inherited) @executable_path/Frameworks";
				PRODUCT_NAME = "$(TARGET_NAME)";
				TARGETED_DEVICE_FAMILY = 1;
			};
			name = Debug;
		};
		BAE7040E1AE809A700051B17 /* Release */ = {
			isa = XCBuildConfiguration;
			buildSettings = {
				ASSETCATALOG_COMPILER_APPICON_NAME = AppIcon;
				INFOPLIST_FILE = Hypnosister/Info.plist;
				IPHONEOS_DEPLOYMENT_TARGET = 8.0;
				LD_RUNPATH_SEARCH_PATHS = "$(inherited) @executable_path/Frameworks";
				PRODUCT_NAME = "$(TARGET_NAME)";
				TARGETED_DEVICE_FAMILY = 1;
			};
			name = Release;
		};
/* End XCBuildConfiguration section */

/* Begin XCConfigurationList section */
		BAE703EA1AE809A700051B17 /* Build configuration list for PBXProject "Hypnosister" */ = {
			isa = XCConfigurationList;
			buildConfigurations = (
				BAE7040A1AE809A700051B17 /* Debug */,
				BAE7040B1AE809A700051B17 /* Release */,
			);
			defaultConfigurationIsVisible = 0;
			defaultConfigurationName = Release;
		};
		BAE7040C1AE809A700051B17 /* Build configuration list for PBXNativeTarget "AlwaysForever" */ = {
			isa = XCConfigurationList;
			buildConfigurations = (
				BAE7040D1AE809A700051B17 /* Debug */,
				BAE7040E1AE809A700051B17 /* Release */,
			);
			defaultConfigurationIsVisible = 0;
			defaultConfigurationName = Release;
		};
/* End XCConfigurationList section */
	};
	rootObject = BAE703E71AE809A700051B17 /* Project object */;
}
