// !$*UTF8*$!
{
	archiveVersion = 1;
	classes = {
	};
	objectVersion = 46;
	objects = {

/* Begin PBXBuildFile section */
		BA7FEA1F1C48C24F003CB496 /* main.m in Sources */ = {isa = PBXBuildFile; fileRef = BA7FEA1E1C48C24F003CB496 /* main.m */; };
		BA7FEA2A1C48C556003CB496 /* BNRItem.m in Sources */ = {isa = PBXBuildFile; fileRef = BA7FEA291C48C556003CB496 /* BNRItem.m */; };
/* End PBXBuildFile section */

/* Begin PBXCopyFilesBuildPhase section */
		BA7FEA191C48C24F003CB496 /* CopyFiles */ = {
			isa = PBXCopyFilesBuildPhase;
			buildActionMask = 2147483647;
			dstPath = /usr/share/man/man1/;
			dstSubfolderSpec = 0;
			files = (
			);
			runOnlyForDeploymentPostprocessing = 1;
		};
/* End PBXCopyFilesBuildPhase section */

/* Begin PBXFileReference section */
		BA7FEA1B1C48C24F003CB496 /* RandomItems */ = {isa = PBXFileReference; explicitFileType = "compiled.mach-o.executable"; includeInIndex = 0; path = RandomItems; sourceTree = BUILT_PRODUCTS_DIR; };
		BA7FEA1E1C48C24F003CB496 /* main.m */ = {isa = PBXFileReference; lastKnownFileType = sourcecode.c.objc; path = main.m; sourceTree = "<group>"; };
		BA7FEA281C48C556003CB496 /* BNRItem.h */ = {isa = PBXFileReference; fileEncoding = 4; lastKnownFileType = sourcecode.c.h; path = BNRItem.h; sourceTree = "<group>"; };
		BA7FEA291C48C556003CB496 /* BNRItem.m */ = {isa = PBXFileReference; fileEncoding = 4; lastKnownFileType = sourcecode.c.objc; path = BNRItem.m; sourceTree = "<group>"; };
/* End PBXFileReference section */

/* Begin PBXFrameworksBuildPhase section */
		BA7FEA181C48C24F003CB496 /* Frameworks */ = {
			isa = PBXFrameworksBuildPhase;
			buildActionMask = 2147483647;
			files = (
			);
			runOnlyForDeploymentPostprocessing = 0;
		};
/* End PBXFrameworksBuildPhase section */

/* Begin PBXGroup section */
		BA7FEA121C48C24F003CB496 = {
			isa = PBXGroup;
			children = (
				BA7FEA1D1C48C24F003CB496 /* RandomItems */,
				BA7FEA1C1C48C24F003CB496 /* Products */,
			);
			sourceTree = "<group>";
		};
		BA7FEA1C1C48C24F003CB496 /* Products */ = {
			isa = PBXGroup;
			children = (
				BA7FEA1B1C48C24F003CB496 /* RandomItems */,
			);
			name = Products;
			sourceTree = "<group>";
		};
		BA7FEA1D1C48C24F003CB496 /* RandomItems */ = {
			isa = PBXGroup;
			children = (
				BA7FEA281C48C556003CB496 /* BNRItem.h */,
				BA7FEA291C48C556003CB496 /* BNRItem.m */,
				BA7FEA1E1C48C24F003CB496 /* main.m */,
			);
			path = RandomItems;
			sourceTree = "<group>";
		};
/* End PBXGroup section */

/* Begin PBXNativeTarget section */
		BA7FEA1A1C48C24F003CB496 /* RandomItems */ = {
			isa = PBXNativeTarget;
			buildConfigurationList = BA7FEA221C48C24F003CB496 /* Build configuration list for PBXNativeTarget "RandomItems" */;
			buildPhases = (
				BA7FEA171C48C24F003CB496 /* Sources */,
				BA7FEA181C48C24F003CB496 /* Frameworks */,
				BA7FEA191C48C24F003CB496 /* CopyFiles */,
			);
			buildRules = (
			);
			dependencies = (
			);
			name = RandomItems;
			productName = RandomItems;
			productReference = BA7FEA1B1C48C24F003CB496 /* RandomItems */;
			productType = "com.apple.product-type.tool";
		};
/* End PBXNativeTarget section */

/* Begin PBXProject section */
		BA7FEA131C48C24F003CB496 /* Project object */ = {
			isa = PBXProject;
			attributes = {
				LastUpgradeCheck = 0640;
				ORGANIZATIONNAME = "Big Nerd Ranch";
				TargetAttributes = {
					BA7FEA1A1C48C24F003CB496 = {
						CreatedOnToolsVersion = 6.4;
					};
				};
			};
			buildConfigurationList = BA7FEA161C48C24F003CB496 /* Build configuration list for PBXProject "RandomItems" */;
			compatibilityVersion = "Xcode 3.2";
			developmentRegion = English;
			hasScannedForEncodings = 0;
			knownRegions = (
				en,
			);
			mainGroup = BA7FEA121C48C24F003CB496;
			productRefGroup = BA7FEA1C1C48C24F003CB496 /* Products */;
			projectDirPath = "";
			projectRoot = "";
			targets = (
				BA7FEA1A1C48C24F003CB496 /* RandomItems */,
			);
		};
/* End PBXProject section */

/* Begin PBXSourcesBuildPhase section */
		BA7FEA171C48C24F003CB496 /* Sources */ = {
			isa = PBXSourcesBuildPhase;
			buildActionMask = 2147483647;
			files = (
				BA7FEA1F1C48C24F003CB496 /* main.m in Sources */,
				BA7FEA2A1C48C556003CB496 /* BNRItem.m in Sources */,
			);
			runOnlyForDeploymentPostprocessing = 0;
		};
/* End PBXSourcesBuildPhase section */

/* Begin XCBuildConfiguration section */
		BA7FEA201C48C24F003CB496 /* Debug */ = {
			isa = XCBuildConfiguration;
			buildSettings = {
				ALWAYS_SEARCH_USER_PATHS = NO;
				CLANG_CXX_LANGUAGE_STANDARD = "gnu++0x";
				CLANG_CXX_LIBRARY = "libc++";
				CLANG_ENABLE_MODULES = YES;
				CLANG_ENABLE_OBJC_ARC = YES;
				CLANG_WARN_BOOL_CONVERSION = YES;
				CLANG_WARN_CONSTANT_CONVERSION = YES;
				CLANG_WARN_DIRECT_OBJC_ISA_USAGE = YES_ERROR;
				CLANG_WARN_EMPTY_BODY = YES;
				CLANG_WARN_ENUM_CONVERSION = YES;
				CLANG_WARN_INT_CONVERSION = YES;
				CLANG_WARN_OBJC_ROOT_CLASS = YES_ERROR;
				CLANG_WARN_UNREACHABLE_CODE = YES;
				CLANG_WARN__DUPLICATE_METHOD_MATCH = YES;
				COPY_PHASE_STRIP = NO;
				DEBUG_INFORMATION_FORMAT = dwarf;
				ENABLE_STRICT_OBJC_MSGSEND = YES;
				GCC_C_LANGUAGE_STANDARD = gnu99;
				GCC_DYNAMIC_NO_PIC = NO;
				GCC_NO_COMMON_BLOCKS = YES;
				GCC_OPTIMIZATION_LEVEL = 0;
				GCC_PREPROCESSOR_DEFINITIONS = (
					"DEBUG=1",
					"$(inherited)",
				);
				GCC_SYMBOLS_PRIVATE_EXTERN = NO;
				GCC_WARN_64_TO_32_BIT_CONVERSION = YES;
				GCC_WARN_ABOUT_RETURN_TYPE = YES_ERROR;
				GCC_WARN_UNDECLARED_SELECTOR = YES;
				GCC_WARN_UNINITIALIZED_AUTOS = YES_AGGRESSIVE;
				GCC_WARN_UNUSED_FUNCTION = YES;
				GCC_WARN_UNUSED_VARIABLE = YES;
				MACOSX_DEPLOYMENT_TARGET = 10.11;
				MTL_ENABLE_DEBUG_INFO = YES;
				ONLY_ACTIVE_ARCH = YES;
				SDKROOT = macosx;
			};
			name = Debug;
		};
		BA7FEA211C48C24F003CB496 /* Release */ = {
			isa = XCBuildConfiguration;
			buildSettings = {
				ALWAYS_SEARCH_USER_PATHS = NO;
				CLANG_CXX_LANGUAGE_STANDARD = "gnu++0x";
				CLANG_CXX_LIBRARY = "libc++";
				CLANG_ENABLE_MODULES = YES;
				CLANG_ENABLE_OBJC_ARC = YES;
				CLANG_WARN_BOOL_CONVERSION = YES;
				CLANG_WARN_CONSTANT_CONVERSION = YES;
				CLANG_WARN_DIRECT_OBJC_ISA_USAGE = YES_ERROR;
				CLANG_WARN_EMPTY_BODY = YES;
				CLANG_WARN_ENUM_CONVERSION = YES;
				CLANG_WARN_INT_CONVERSION = YES;
				CLANG_WARN_OBJC_ROOT_CLASS = YES_ERROR;
				CLANG_WARN_UNREACHABLE_CODE = YES;
				CLANG_WARN__DUPLICATE_METHOD_MATCH = YES;
				COPY_PHASE_STRIP = NO;
				DEBUG_INFORMATION_FORMAT = "dwarf-with-dsym";
				ENABLE_NS_ASSERTIONS = NO;
				ENABLE_STRICT_OBJC_MSGSEND = YES;
				GCC_C_LANGUAGE_STANDARD = gnu99;
				GCC_NO_COMMON_BLOCKS = YES;
				GCC_WARN_64_TO_32_BIT_CONVERSION = YES;
				GCC_WARN_ABOUT_RETURN_TYPE = YES_ERROR;
				GCC_WARN_UNDECLARED_SELECTOR = YES;
				GCC_WARN_UNINITIALIZED_AUTOS = YES_AGGRESSIVE;
				GCC_WARN_UNUSED_FUNCTION = YES;
				GCC_WARN_UNUSED_VARIABLE = YES;
				MACOSX_DEPLOYMENT_TARGET = 10.11;
				MTL_ENABLE_DEBUG_INFO = NO;
				SDKROOT = macosx;
			};
			name = Release;
		};
		BA7FEA231C48C24F003CB496 /* Debug */ = {
			isa = XCBuildConfiguration;
			buildSettings = {
				PRODUCT_NAME = "$(TARGET_NAME)";
			};
			name = Debug;
		};
		BA7FEA241C48C24F003CB496 /* Release */ = {
			isa = XCBuildConfiguration;
			buildSettings = {
				PRODUCT_NAME = "$(TARGET_NAME)";
			};
			name = Release;
		};
/* End XCBuildConfiguration section */

/* Begin XCConfigurationList section */
		BA7FEA161C48C24F003CB496 /* Build configuration list for PBXProject "RandomItems" */ = {
			isa = XCConfigurationList;
			buildConfigurations = (
				BA7FEA201C48C24F003CB496 /* Debug */,
				BA7FEA211C48C24F003CB496 /* Release */,
			);
			defaultConfigurationIsVisible = 0;
			defaultConfigurationName = Release;
		};
		BA7FEA221C48C24F003CB496 /* Build configuration list for PBXNativeTarget "RandomItems" */ = {
			isa = XCConfigurationList;
			buildConfigurations = (
				BA7FEA231C48C24F003CB496 /* Debug */,
				BA7FEA241C48C24F003CB496 /* Release */,
			);
			defaultConfigurationIsVisible = 0;
		};
/* End XCConfigurationList section */
	};
	rootObject = BA7FEA131C48C24F003CB496 /* Project object */;
}
